
Microsoft Visual Studio Solution File, Format Version 12.00
# Visual Studio Version 17
VisualStudioVersion = 17.0.31912.275
MinimumVisualStudioVersion = 10.0.40219.1
Project("{FAE04EC0-301F-11D3-BF4B-00C04F79EFBC}") = "AdventOfCode2021", "AdventOfCode2021.csproj", "{4651B7C1-3244-4111-A62A-AE445697CDA8}"
EndProject
Global
	GlobalSection(SolutionConfigurationPlatforms) = preSolution
		Debug|Any CPU = Debug|Any CPU
		Release|Any CPU = Release|Any CPU
	EndGlobalSection
	GlobalSection(ProjectConfigurationPlatforms) = postSolution
		{4651B7C1-3244-4111-A62A-AE445697CDA8}.Debug|Any CPU.ActiveCfg = Debug|Any CPU
		{4651B7C1-3244-4111-A62A-AE445697CDA8}.Debug|Any CPU.Build.0 = Debug|Any CPU
		{4651B7C1-3244-4111-A62A-AE445697CDA8}.Release|Any CPU.ActiveCfg = Release|Any CPU
		{4651B7C1-3244-4111-A62A-AE445697CDA8}.Release|Any CPU.Build.0 = Release|Any CPU
	EndGlobalSection
	GlobalSection(SolutionProperties) = preSolution
		HideSolutionNode = FALSE
	EndGlobalSection
	GlobalSection(ExtensibilityGlobals) = postSolution
		SolutionGuid = {FBFF7F41-2AF5-4641-B14B-AE6662859FE9}
	EndGlobalSection
EndGlobal
